
Microsoft Visual Studio Solution File, Format Version 12.00
# Visual Studio Version 16
VisualStudioVersion = 16.0.30523.141
MinimumVisualStudioVersion = 10.0.40219.1
Project("{FAE04EC0-301F-11D3-BF4B-00C04F79EFBC}") = "Overloadingg", "Overloadingg\Overloadingg.csproj", "{39CC34E6-4B53-4A88-A432-5FBBE7ACFA6F}"
EndProject
Global
	GlobalSection(SolutionConfigurationPlatforms) = preSolution
		Debug|Any CPU = Debug|Any CPU
		Release|Any CPU = Release|Any CPU
	EndGlobalSection
	GlobalSection(ProjectConfigurationPlatforms) = postSolution
		{39CC34E6-4B53-4A88-A432-5FBBE7ACFA6F}.Debug|Any CPU.ActiveCfg = Debug|Any CPU
		{39CC34E6-4B53-4A88-A432-5FBBE7ACFA6F}.Debug|Any CPU.Build.0 = Debug|Any CPU
		{39CC34E6-4B53-4A88-A432-5FBBE7ACFA6F}.Release|Any CPU.ActiveCfg = Release|Any CPU
		{39CC34E6-4B53-4A88-A432-5FBBE7ACFA6F}.Release|Any CPU.Build.0 = Release|Any CPU
	EndGlobalSection
	GlobalSection(SolutionProperties) = preSolution
		HideSolutionNode = FALSE
	EndGlobalSection
	GlobalSection(ExtensibilityGlobals) = postSolution
		SolutionGuid = {382A575C-3016-4514-A785-DF28EAB8E5BA}
	EndGlobalSection
EndGlobal
